
Microsoft Visual Studio Solution File, Format Version 12.00
# Visual Studio Version 17
VisualStudioVersion = 17.5.002.0
MinimumVisualStudioVersion = 10.0.40219.1
Project("{9A19103F-16F7-4668-BE54-9A1E7A4F7556}") = "MyFirstProject", "MyFirstProject.csproj", "{B7C0CA6F-2785-423E-9D08-CCEB7937821C}"
EndProject
Global
	GlobalSection(SolutionConfigurationPlatforms) = preSolution
		Debug|Any CPU = Debug|Any CPU
		Release|Any CPU = Release|Any CPU
	EndGlobalSection
	GlobalSection(ProjectConfigurationPlatforms) = postSolution
		{B7C0CA6F-2785-423E-9D08-CCEB7937821C}.Debug|Any CPU.ActiveCfg = Debug|Any CPU
		{B7C0CA6F-2785-423E-9D08-CCEB7937821C}.Debug|Any CPU.Build.0 = Debug|Any CPU
		{B7C0CA6F-2785-423E-9D08-CCEB7937821C}.Release|Any CPU.ActiveCfg = Release|Any CPU
		{B7C0CA6F-2785-423E-9D08-CCEB7937821C}.Release|Any CPU.Build.0 = Release|Any CPU
	EndGlobalSection
	GlobalSection(SolutionProperties) = preSolution
		HideSolutionNode = FALSE
	EndGlobalSection
	GlobalSection(ExtensibilityGlobals) = postSolution
		SolutionGuid = {C8FB4C91-8020-4B2D-8C0A-C3762BA2ABA0}
	EndGlobalSection
EndGlobal
